
Microsoft Visual Studio Solution File, Format Version 12.00
# Visual Studio Version 16
VisualStudioVersion = 16.0.30804.86
MinimumVisualStudioVersion = 10.0.40219.1
Project("{FAE04EC0-301F-11D3-BF4B-00C04F79EFBC}") = "FUNDAPEC.API", "FUNDAPEC.API\FUNDAPEC.API.csproj", "{A49A53A3-DE50-4972-AE72-13403DE8429B}"
EndProject
Global
	GlobalSection(SolutionConfigurationPlatforms) = preSolution
		Debug|Any CPU = Debug|Any CPU
		Release|Any CPU = Release|Any CPU
	EndGlobalSection
	GlobalSection(ProjectConfigurationPlatforms) = postSolution
		{A49A53A3-DE50-4972-AE72-13403DE8429B}.Debug|Any CPU.ActiveCfg = Debug|Any CPU
		{A49A53A3-DE50-4972-AE72-13403DE8429B}.Debug|Any CPU.Build.0 = Debug|Any CPU
		{A49A53A3-DE50-4972-AE72-13403DE8429B}.Release|Any CPU.ActiveCfg = Release|Any CPU
		{A49A53A3-DE50-4972-AE72-13403DE8429B}.Release|Any CPU.Build.0 = Release|Any CPU
	EndGlobalSection
	GlobalSection(SolutionProperties) = preSolution
		HideSolutionNode = FALSE
	EndGlobalSection
	GlobalSection(ExtensibilityGlobals) = postSolution
		SolutionGuid = {1D7DB706-52CF-4648-8CFC-741BDB71B379}
	EndGlobalSection
EndGlobal
